
Microsoft Visual Studio Solution File, Format Version 12.00
# Visual Studio Version 16
VisualStudioVersion = 16.0.30114.105
MinimumVisualStudioVersion = 10.0.40219.1
Project("{F2A71F9B-5D33-465A-A702-920D77279786}") = "YukimiScript.Parser", "YukimiScript.Parser\YukimiScript.Parser.fsproj", "{93D55FAC-35CC-454D-9331-788DDBAA5EDC}"
EndProject
Project("{F2A71F9B-5D33-465A-A702-920D77279786}") = "YukimiScript.Parser.Test", "YukimiScript.Parser.Test\YukimiScript.Parser.Test.fsproj", "{A3C20FE7-CEBB-4EC2-9B0A-42E400896C22}"
EndProject
Global
	GlobalSection(SolutionConfigurationPlatforms) = preSolution
		Debug|Any CPU = Debug|Any CPU
		Debug|x64 = Debug|x64
		Debug|x86 = Debug|x86
		Release|Any CPU = Release|Any CPU
		Release|x64 = Release|x64
		Release|x86 = Release|x86
	EndGlobalSection
	GlobalSection(SolutionProperties) = preSolution
		HideSolutionNode = FALSE
	EndGlobalSection
	GlobalSection(ProjectConfigurationPlatforms) = postSolution
		{93D55FAC-35CC-454D-9331-788DDBAA5EDC}.Debug|Any CPU.ActiveCfg = Debug|Any CPU
		{93D55FAC-35CC-454D-9331-788DDBAA5EDC}.Debug|Any CPU.Build.0 = Debug|Any CPU
		{93D55FAC-35CC-454D-9331-788DDBAA5EDC}.Debug|x64.ActiveCfg = Debug|Any CPU
		{93D55FAC-35CC-454D-9331-788DDBAA5EDC}.Debug|x64.Build.0 = Debug|Any CPU
		{93D55FAC-35CC-454D-9331-788DDBAA5EDC}.Debug|x86.ActiveCfg = Debug|Any CPU
		{93D55FAC-35CC-454D-9331-788DDBAA5EDC}.Debug|x86.Build.0 = Debug|Any CPU
		{93D55FAC-35CC-454D-9331-788DDBAA5EDC}.Release|Any CPU.ActiveCfg = Release|Any CPU
		{93D55FAC-35CC-454D-9331-788DDBAA5EDC}.Release|Any CPU.Build.0 = Release|Any CPU
		{93D55FAC-35CC-454D-9331-788DDBAA5EDC}.Release|x64.ActiveCfg = Release|Any CPU
		{93D55FAC-35CC-454D-9331-788DDBAA5EDC}.Release|x64.Build.0 = Release|Any CPU
		{93D55FAC-35CC-454D-9331-788DDBAA5EDC}.Release|x86.ActiveCfg = Release|Any CPU
		{93D55FAC-35CC-454D-9331-788DDBAA5EDC}.Release|x86.Build.0 = Release|Any CPU
		{A3C20FE7-CEBB-4EC2-9B0A-42E400896C22}.Debug|Any CPU.ActiveCfg = Debug|Any CPU
		{A3C20FE7-CEBB-4EC2-9B0A-42E400896C22}.Debug|Any CPU.Build.0 = Debug|Any CPU
		{A3C20FE7-CEBB-4EC2-9B0A-42E400896C22}.Debug|x64.ActiveCfg = Debug|Any CPU
		{A3C20FE7-CEBB-4EC2-9B0A-42E400896C22}.Debug|x64.Build.0 = Debug|Any CPU
		{A3C20FE7-CEBB-4EC2-9B0A-42E400896C22}.Debug|x86.ActiveCfg = Debug|Any CPU
		{A3C20FE7-CEBB-4EC2-9B0A-42E400896C22}.Debug|x86.Build.0 = Debug|Any CPU
		{A3C20FE7-CEBB-4EC2-9B0A-42E400896C22}.Release|Any CPU.ActiveCfg = Release|Any CPU
		{A3C20FE7-CEBB-4EC2-9B0A-42E400896C22}.Release|Any CPU.Build.0 = Release|Any CPU
		{A3C20FE7-CEBB-4EC2-9B0A-42E400896C22}.Release|x64.ActiveCfg = Release|Any CPU
		{A3C20FE7-CEBB-4EC2-9B0A-42E400896C22}.Release|x64.Build.0 = Release|Any CPU
		{A3C20FE7-CEBB-4EC2-9B0A-42E400896C22}.Release|x86.ActiveCfg = Release|Any CPU
		{A3C20FE7-CEBB-4EC2-9B0A-42E400896C22}.Release|x86.Build.0 = Release|Any CPU
	EndGlobalSection
EndGlobal
