
Microsoft Visual Studio Solution File, Format Version 12.00
# Visual Studio Version 16
VisualStudioVersion = 16.0.30114.105
MinimumVisualStudioVersion = 10.0.40219.1
Project("{F2A71F9B-5D33-465A-A702-920D77279786}") = "YukimiScript.Parser", "YukimiScript.Parser\YukimiScript.Parser.fsproj", "{08763F72-9898-4D74-B59B-9437AF9725E2}"
EndProject
Project("{F2A71F9B-5D33-465A-A702-920D77279786}") = "YukimiScript.Parser.Test", "YukimiScript.Parser.Test\YukimiScript.Parser.Test.fsproj", "{2FC678AF-EB04-4C3E-A30E-9A0E1C3B8B9F}"
EndProject
Project("{F2A71F9B-5D33-465A-A702-920D77279786}") = "YukimiScript.CommandLineTool", "YukimiScript.CommandLineTool\YukimiScript.CommandLineTool.fsproj", "{B0484803-4A85-42CB-B681-9E19B302DA04}"
EndProject
Global
	GlobalSection(SolutionConfigurationPlatforms) = preSolution
		Debug|Any CPU = Debug|Any CPU
		Debug|x64 = Debug|x64
		Debug|x86 = Debug|x86
		Release|Any CPU = Release|Any CPU
		Release|x64 = Release|x64
		Release|x86 = Release|x86
	EndGlobalSection
	GlobalSection(SolutionProperties) = preSolution
		HideSolutionNode = FALSE
	EndGlobalSection
	GlobalSection(ProjectConfigurationPlatforms) = postSolution
		{08763F72-9898-4D74-B59B-9437AF9725E2}.Debug|Any CPU.ActiveCfg = Debug|Any CPU
		{08763F72-9898-4D74-B59B-9437AF9725E2}.Debug|Any CPU.Build.0 = Debug|Any CPU
		{08763F72-9898-4D74-B59B-9437AF9725E2}.Debug|x64.ActiveCfg = Debug|Any CPU
		{08763F72-9898-4D74-B59B-9437AF9725E2}.Debug|x64.Build.0 = Debug|Any CPU
		{08763F72-9898-4D74-B59B-9437AF9725E2}.Debug|x86.ActiveCfg = Debug|Any CPU
		{08763F72-9898-4D74-B59B-9437AF9725E2}.Debug|x86.Build.0 = Debug|Any CPU
		{08763F72-9898-4D74-B59B-9437AF9725E2}.Release|Any CPU.ActiveCfg = Release|Any CPU
		{08763F72-9898-4D74-B59B-9437AF9725E2}.Release|Any CPU.Build.0 = Release|Any CPU
		{08763F72-9898-4D74-B59B-9437AF9725E2}.Release|x64.ActiveCfg = Release|Any CPU
		{08763F72-9898-4D74-B59B-9437AF9725E2}.Release|x64.Build.0 = Release|Any CPU
		{08763F72-9898-4D74-B59B-9437AF9725E2}.Release|x86.ActiveCfg = Release|Any CPU
		{08763F72-9898-4D74-B59B-9437AF9725E2}.Release|x86.Build.0 = Release|Any CPU
		{2FC678AF-EB04-4C3E-A30E-9A0E1C3B8B9F}.Debug|Any CPU.ActiveCfg = Debug|Any CPU
		{2FC678AF-EB04-4C3E-A30E-9A0E1C3B8B9F}.Debug|Any CPU.Build.0 = Debug|Any CPU
		{2FC678AF-EB04-4C3E-A30E-9A0E1C3B8B9F}.Debug|x64.ActiveCfg = Debug|Any CPU
		{2FC678AF-EB04-4C3E-A30E-9A0E1C3B8B9F}.Debug|x64.Build.0 = Debug|Any CPU
		{2FC678AF-EB04-4C3E-A30E-9A0E1C3B8B9F}.Debug|x86.ActiveCfg = Debug|Any CPU
		{2FC678AF-EB04-4C3E-A30E-9A0E1C3B8B9F}.Debug|x86.Build.0 = Debug|Any CPU
		{2FC678AF-EB04-4C3E-A30E-9A0E1C3B8B9F}.Release|Any CPU.ActiveCfg = Release|Any CPU
		{2FC678AF-EB04-4C3E-A30E-9A0E1C3B8B9F}.Release|Any CPU.Build.0 = Release|Any CPU
		{2FC678AF-EB04-4C3E-A30E-9A0E1C3B8B9F}.Release|x64.ActiveCfg = Release|Any CPU
		{2FC678AF-EB04-4C3E-A30E-9A0E1C3B8B9F}.Release|x64.Build.0 = Release|Any CPU
		{2FC678AF-EB04-4C3E-A30E-9A0E1C3B8B9F}.Release|x86.ActiveCfg = Release|Any CPU
		{2FC678AF-EB04-4C3E-A30E-9A0E1C3B8B9F}.Release|x86.Build.0 = Release|Any CPU
		{B0484803-4A85-42CB-B681-9E19B302DA04}.Debug|Any CPU.ActiveCfg = Debug|Any CPU
		{B0484803-4A85-42CB-B681-9E19B302DA04}.Debug|Any CPU.Build.0 = Debug|Any CPU
		{B0484803-4A85-42CB-B681-9E19B302DA04}.Debug|x64.ActiveCfg = Debug|Any CPU
		{B0484803-4A85-42CB-B681-9E19B302DA04}.Debug|x64.Build.0 = Debug|Any CPU
		{B0484803-4A85-42CB-B681-9E19B302DA04}.Debug|x86.ActiveCfg = Debug|Any CPU
		{B0484803-4A85-42CB-B681-9E19B302DA04}.Debug|x86.Build.0 = Debug|Any CPU
		{B0484803-4A85-42CB-B681-9E19B302DA04}.Release|Any CPU.ActiveCfg = Release|Any CPU
		{B0484803-4A85-42CB-B681-9E19B302DA04}.Release|Any CPU.Build.0 = Release|Any CPU
		{B0484803-4A85-42CB-B681-9E19B302DA04}.Release|x64.ActiveCfg = Release|Any CPU
		{B0484803-4A85-42CB-B681-9E19B302DA04}.Release|x64.Build.0 = Release|Any CPU
		{B0484803-4A85-42CB-B681-9E19B302DA04}.Release|x86.ActiveCfg = Release|Any CPU
		{B0484803-4A85-42CB-B681-9E19B302DA04}.Release|x86.Build.0 = Release|Any CPU
	EndGlobalSection
EndGlobal
